
Microsoft Visual Studio Solution File, Format Version 12.00
# Visual Studio Version 17
VisualStudioVersion = 17.0.31912.275
MinimumVisualStudioVersion = 10.0.40219.1
Project("{9A19103F-16F7-4668-BE54-9A1E7A4F7556}") = "AzureKeyVaultSqlAppAccessWithSecrets", "sqlapp\AzureKeyVaultSqlAppAccessWithSecrets.csproj", "{BDC9F9C5-AE56-4D30-9AD6-1DDC0FAE7ABC}"
EndProject
Global
	GlobalSection(SolutionConfigurationPlatforms) = preSolution
		Debug|Any CPU = Debug|Any CPU
		Release|Any CPU = Release|Any CPU
	EndGlobalSection
	GlobalSection(ProjectConfigurationPlatforms) = postSolution
		{BDC9F9C5-AE56-4D30-9AD6-1DDC0FAE7ABC}.Debug|Any CPU.ActiveCfg = Debug|Any CPU
		{BDC9F9C5-AE56-4D30-9AD6-1DDC0FAE7ABC}.Debug|Any CPU.Build.0 = Debug|Any CPU
		{BDC9F9C5-AE56-4D30-9AD6-1DDC0FAE7ABC}.Release|Any CPU.ActiveCfg = Release|Any CPU
		{BDC9F9C5-AE56-4D30-9AD6-1DDC0FAE7ABC}.Release|Any CPU.Build.0 = Release|Any CPU
	EndGlobalSection
	GlobalSection(SolutionProperties) = preSolution
		HideSolutionNode = FALSE
	EndGlobalSection
	GlobalSection(ExtensibilityGlobals) = postSolution
		SolutionGuid = {B045E394-C138-4A76-9FC0-C595BE1080FC}
	EndGlobalSection
EndGlobal
