
Microsoft Visual Studio Solution File, Format Version 12.00
# Visual Studio Version 17
VisualStudioVersion = 17.1.32407.343
MinimumVisualStudioVersion = 10.0.40219.1
Project("{9A19103F-16F7-4668-BE54-9A1E7A4F7556}") = "simple-webapp", "simple-webapp.csproj", "{40FED5DC-DCF0-4608-8485-99AD5F910513}"
EndProject
Global
	GlobalSection(SolutionConfigurationPlatforms) = preSolution
		Debug|Any CPU = Debug|Any CPU
		Release|Any CPU = Release|Any CPU
	EndGlobalSection
	GlobalSection(ProjectConfigurationPlatforms) = postSolution
		{40FED5DC-DCF0-4608-8485-99AD5F910513}.Debug|Any CPU.ActiveCfg = Debug|Any CPU
		{40FED5DC-DCF0-4608-8485-99AD5F910513}.Debug|Any CPU.Build.0 = Debug|Any CPU
		{40FED5DC-DCF0-4608-8485-99AD5F910513}.Release|Any CPU.ActiveCfg = Release|Any CPU
		{40FED5DC-DCF0-4608-8485-99AD5F910513}.Release|Any CPU.Build.0 = Release|Any CPU
	EndGlobalSection
	GlobalSection(SolutionProperties) = preSolution
		HideSolutionNode = FALSE
	EndGlobalSection
	GlobalSection(ExtensibilityGlobals) = postSolution
		SolutionGuid = {4EEE4C71-825C-48CD-98D8-A2A48AA4C970}
	EndGlobalSection
EndGlobal
