
Microsoft Visual Studio Solution File, Format Version 12.00
# Visual Studio Version 16
VisualStudioVersion = 16.0.30114.105
MinimumVisualStudioVersion = 10.0.40219.1
Project("{FAE04EC0-301F-11D3-BF4B-00C04F79EFBC}") = "ConnectToAzureConfig", "ConnectToAzureConfig\ConnectToAzureConfig.csproj", "{2E68C079-5795-4425-AB50-7DDD968DF01C}"
EndProject
Global
	GlobalSection(SolutionConfigurationPlatforms) = preSolution
		Debug|Any CPU = Debug|Any CPU
		Release|Any CPU = Release|Any CPU
	EndGlobalSection
	GlobalSection(SolutionProperties) = preSolution
		HideSolutionNode = FALSE
	EndGlobalSection
	GlobalSection(ProjectConfigurationPlatforms) = postSolution
		{2E68C079-5795-4425-AB50-7DDD968DF01C}.Debug|Any CPU.ActiveCfg = Debug|Any CPU
		{2E68C079-5795-4425-AB50-7DDD968DF01C}.Debug|Any CPU.Build.0 = Debug|Any CPU
		{2E68C079-5795-4425-AB50-7DDD968DF01C}.Release|Any CPU.ActiveCfg = Release|Any CPU
		{2E68C079-5795-4425-AB50-7DDD968DF01C}.Release|Any CPU.Build.0 = Release|Any CPU
	EndGlobalSection
EndGlobal
