
Microsoft Visual Studio Solution File, Format Version 12.00
# Visual Studio Version 17
VisualStudioVersion = 17.1.32407.343
MinimumVisualStudioVersion = 10.0.40219.1
Project("{FAE04EC0-301F-11D3-BF4B-00C04F79EFBC}") = "CosmosStoredProcs", "CosmosStoredProcs\CosmosStoredProcs.csproj", "{12815EE7-6FDE-41E9-A807-8DE36CB595D7}"
EndProject
Global
	GlobalSection(SolutionConfigurationPlatforms) = preSolution
		Debug|Any CPU = Debug|Any CPU
		Release|Any CPU = Release|Any CPU
	EndGlobalSection
	GlobalSection(ProjectConfigurationPlatforms) = postSolution
		{12815EE7-6FDE-41E9-A807-8DE36CB595D7}.Debug|Any CPU.ActiveCfg = Debug|Any CPU
		{12815EE7-6FDE-41E9-A807-8DE36CB595D7}.Debug|Any CPU.Build.0 = Debug|Any CPU
		{12815EE7-6FDE-41E9-A807-8DE36CB595D7}.Release|Any CPU.ActiveCfg = Release|Any CPU
		{12815EE7-6FDE-41E9-A807-8DE36CB595D7}.Release|Any CPU.Build.0 = Release|Any CPU
	EndGlobalSection
	GlobalSection(SolutionProperties) = preSolution
		HideSolutionNode = FALSE
	EndGlobalSection
	GlobalSection(ExtensibilityGlobals) = postSolution
		SolutionGuid = {35F7FF02-E996-4BF8-B9CA-17ECBD91DA03}
	EndGlobalSection
EndGlobal
